
Microsoft Visual Studio Solution File, Format Version 12.00
# Visual Studio Version 17
VisualStudioVersion = 17.4.33122.133
MinimumVisualStudioVersion = 10.0.40219.1
Project("{FAE04EC0-301F-11D3-BF4B-00C04F79EFBC}") = "ProyectoCINEHAZARD", "ProyectoCINEHAZARD.csproj", "{4C014066-FC3F-46BA-AAD6-8F15ECA4C00C}"
EndProject
Project("{FAE04EC0-301F-11D3-BF4B-00C04F79EFBC}") = "ENTIDAD", "..\ENTIDAD\ENTIDAD.csproj", "{A790DBB9-8342-423B-BFE0-EA4CC9C4340D}"
EndProject
Project("{FAE04EC0-301F-11D3-BF4B-00C04F79EFBC}") = "DATOS", "..\DATOS\DATOS.csproj", "{F2A54E8B-62F2-4110-AF2B-E204A62A69E4}"
EndProject
Project("{FAE04EC0-301F-11D3-BF4B-00C04F79EFBC}") = "LOGICA", "..\LOGICA\LOGICA.csproj", "{ADAE0568-E9B1-445E-9929-DA69C6C0A650}"
EndProject
Global
	GlobalSection(SolutionConfigurationPlatforms) = preSolution
		Debug|Any CPU = Debug|Any CPU
		Release|Any CPU = Release|Any CPU
	EndGlobalSection
	GlobalSection(ProjectConfigurationPlatforms) = postSolution
		{4C014066-FC3F-46BA-AAD6-8F15ECA4C00C}.Debug|Any CPU.ActiveCfg = Debug|Any CPU
		{4C014066-FC3F-46BA-AAD6-8F15ECA4C00C}.Debug|Any CPU.Build.0 = Debug|Any CPU
		{4C014066-FC3F-46BA-AAD6-8F15ECA4C00C}.Release|Any CPU.ActiveCfg = Release|Any CPU
		{4C014066-FC3F-46BA-AAD6-8F15ECA4C00C}.Release|Any CPU.Build.0 = Release|Any CPU
		{A790DBB9-8342-423B-BFE0-EA4CC9C4340D}.Debug|Any CPU.ActiveCfg = Debug|Any CPU
		{A790DBB9-8342-423B-BFE0-EA4CC9C4340D}.Debug|Any CPU.Build.0 = Debug|Any CPU
		{A790DBB9-8342-423B-BFE0-EA4CC9C4340D}.Release|Any CPU.ActiveCfg = Release|Any CPU
		{A790DBB9-8342-423B-BFE0-EA4CC9C4340D}.Release|Any CPU.Build.0 = Release|Any CPU
		{F2A54E8B-62F2-4110-AF2B-E204A62A69E4}.Debug|Any CPU.ActiveCfg = Debug|Any CPU
		{F2A54E8B-62F2-4110-AF2B-E204A62A69E4}.Debug|Any CPU.Build.0 = Debug|Any CPU
		{F2A54E8B-62F2-4110-AF2B-E204A62A69E4}.Release|Any CPU.ActiveCfg = Release|Any CPU
		{F2A54E8B-62F2-4110-AF2B-E204A62A69E4}.Release|Any CPU.Build.0 = Release|Any CPU
		{ADAE0568-E9B1-445E-9929-DA69C6C0A650}.Debug|Any CPU.ActiveCfg = Debug|Any CPU
		{ADAE0568-E9B1-445E-9929-DA69C6C0A650}.Debug|Any CPU.Build.0 = Debug|Any CPU
		{ADAE0568-E9B1-445E-9929-DA69C6C0A650}.Release|Any CPU.ActiveCfg = Release|Any CPU
		{ADAE0568-E9B1-445E-9929-DA69C6C0A650}.Release|Any CPU.Build.0 = Release|Any CPU
	EndGlobalSection
	GlobalSection(SolutionProperties) = preSolution
		HideSolutionNode = FALSE
	EndGlobalSection
	GlobalSection(ExtensibilityGlobals) = postSolution
		SolutionGuid = {B39E4A5E-FF2E-4ED9-BEDE-8F4AFDB0A814}
	EndGlobalSection
EndGlobal
